{
  "nodes": {
    "gen-graph": {
      "inputs": {
        "gen-prelude": "gen-prelude"
      },
      "locked": {
        "lastModified": 1782932839,
        "narHash": "sha256-Pqq3dBx8lU1mQDAV4f3v6fVHRPL/XOi2mPGQInwSubg=",
        "owner": "sini",
        "repo": "gen-graph",
        "rev": "403b58594d8d1ada467e97c2ab48e9bcc08a58fb",
        "type": "github"
      },
      "original": {
        "owner": "sini",
        "repo": "gen-graph",
        "type": "github"
      }
    },
    "gen-prelude": {
      "locked": {
        "lastModified": 1782849654,
        "narHash": "sha256-RuSmZU9Sny31YFYfPkagesMDKqGgkQQoNrm4O5Imw2c=",
        "owner": "sini",
        "repo": "gen-prelude",
        "rev": "9e3f4c947c76a11ffec04e020ac7e2a3fe306c47",
        "type": "github"
      },
      "original": {
        "owner": "sini",
        "repo": "gen-prelude",
        "type": "github"
      }
    },
    "gen-prelude_2": {
      "locked": {
        "lastModified": 1782932957,
        "narHash": "sha256-SQYzcSdWv3COaH9g7Beti20nwy/66qkQNtkO8MZ8rcs=",
        "owner": "sini",
        "repo": "gen-prelude",
        "rev": "aa539bd98ba055bdf98d9d0f1f33107aad94c3df",
        "type": "github"
      },
      "original": {
        "owner": "sini",
        "repo": "gen-prelude",
        "type": "github"
      }
    },
    "gen-prelude_3": {
      "locked": {
        "lastModified": 1782849654,
        "narHash": "sha256-RuSmZU9Sny31YFYfPkagesMDKqGgkQQoNrm4O5Imw2c=",
        "owner": "sini",
        "repo": "gen-prelude",
        "rev": "9e3f4c947c76a11ffec04e020ac7e2a3fe306c47",
        "type": "github"
      },
      "original": {
        "owner": "sini",
        "repo": "gen-prelude",
        "type": "github"
      }
    },
    "gen-scope": {
      "inputs": {
        "gen-prelude": "gen-prelude_3"
      },
      "locked": {
        "lastModified": 1782932838,
        "narHash": "sha256-OnoxrCHgXcR9ZKXw7g+BpLGtLxHI0A0oE1C/AmtdSA0=",
        "owner": "sini",
        "repo": "gen-scope",
        "rev": "339d3d97dfc432abfdc4e17d9c95cd39d9c05648",
        "type": "github"
      },
      "original": {
        "owner": "sini",
        "repo": "gen-scope",
        "type": "github"
      }
    },
    "root": {
      "inputs": {
        "gen-graph": "gen-graph",
        "gen-prelude": "gen-prelude_2",
        "gen-scope": "gen-scope"
      }
    }
  },
  "root": "root",
  "version": 7
}
