{
  "nodes": {
    "gen-graph": {
      "inputs": {
        "gen-prelude": "gen-prelude"
      },
      "locked": {
        "lastModified": 1782932839,
        "narHash": "sha256-Pqq3dBx8lU1mQDAV4f3v6fVHRPL/XOi2mPGQInwSubg=",
        "owner": "sini",
        "repo": "gen-graph",
        "rev": "403b58594d8d1ada467e97c2ab48e9bcc08a58fb",
        "type": "github"
      },
      "original": {
        "owner": "sini",
        "repo": "gen-graph",
        "type": "github"
      }
    },
    "gen-graph_2": {
      "inputs": {
        "gen-prelude": "gen-prelude_3"
      },
      "locked": {
        "lastModified": 1786486136,
        "narHash": "sha256-okz6e+6XGWFdE09irVN6u3IKarugXU+s49gncYWN7pQ=",
        "owner": "sini",
        "repo": "gen-graph",
        "rev": "aa9386761d5f497c85a5f4723d76867c575457bf",
        "type": "github"
      },
      "original": {
        "owner": "sini",
        "repo": "gen-graph",
        "type": "github"
      }
    },
    "gen-prelude": {
      "locked": {
        "lastModified": 1782849654,
        "narHash": "sha256-RuSmZU9Sny31YFYfPkagesMDKqGgkQQoNrm4O5Imw2c=",
        "owner": "sini",
        "repo": "gen-prelude",
        "rev": "9e3f4c947c76a11ffec04e020ac7e2a3fe306c47",
        "type": "github"
      },
      "original": {
        "owner": "sini",
        "repo": "gen-prelude",
        "type": "github"
      }
    },
    "gen-prelude_2": {
      "locked": {
        "lastModified": 1782932957,
        "narHash": "sha256-SQYzcSdWv3COaH9g7Beti20nwy/66qkQNtkO8MZ8rcs=",
        "owner": "sini",
        "repo": "gen-prelude",
        "rev": "aa539bd98ba055bdf98d9d0f1f33107aad94c3df",
        "type": "github"
      },
      "original": {
        "owner": "sini",
        "repo": "gen-prelude",
        "type": "github"
      }
    },
    "gen-prelude_3": {
      "locked": {
        "lastModified": 1786239838,
        "narHash": "sha256-Z+fLq4FsOaBNyrtfEwhwwOmihSFnHe+Jf47VNsW9lZQ=",
        "owner": "sini",
        "repo": "gen-prelude",
        "rev": "da7056327e5f8312d73d51895039a1f319166cd4",
        "type": "github"
      },
      "original": {
        "owner": "sini",
        "repo": "gen-prelude",
        "type": "github"
      }
    },
    "gen-prelude_4": {
      "locked": {
        "lastModified": 1786239838,
        "narHash": "sha256-Z+fLq4FsOaBNyrtfEwhwwOmihSFnHe+Jf47VNsW9lZQ=",
        "owner": "sini",
        "repo": "gen-prelude",
        "rev": "da7056327e5f8312d73d51895039a1f319166cd4",
        "type": "github"
      },
      "original": {
        "owner": "sini",
        "repo": "gen-prelude",
        "type": "github"
      }
    },
    "gen-scope": {
      "inputs": {
        "gen-graph": "gen-graph_2",
        "gen-prelude": "gen-prelude_4"
      },
      "locked": {
        "lastModified": 1786493957,
        "narHash": "sha256-kDuIhnB8LRoShrB2Vy5tKQK27oq6t73/lfTLWEVTYvQ=",
        "owner": "sini",
        "repo": "gen-scope",
        "rev": "a5d5ef99db8e6abe52c23abffac107921590f2e3",
        "type": "github"
      },
      "original": {
        "owner": "sini",
        "repo": "gen-scope",
        "type": "github"
      }
    },
    "root": {
      "inputs": {
        "gen-graph": "gen-graph",
        "gen-prelude": "gen-prelude_2",
        "gen-scope": "gen-scope"
      }
    }
  },
  "root": "root",
  "version": 7
}
