{
  "nodes": {
    "gen-graph": {
      "inputs": {
        "gen-prelude": "gen-prelude"
      },
      "locked": {
        "lastModified": 1782847286,
        "narHash": "sha256-guwJN5oav8hR5XzuHeIzUJPQeBcs9tITrLsOkaES294=",
        "owner": "sini",
        "repo": "gen-graph",
        "rev": "662ef38074e1d9823852852e5d59fc74387020bc",
        "type": "github"
      },
      "original": {
        "owner": "sini",
        "repo": "gen-graph",
        "type": "github"
      }
    },
    "gen-prelude": {
      "locked": {
        "lastModified": 1782520960,
        "narHash": "sha256-5WfLlS6dk7dzhsnnDYRsHZEaS+lFFj3tohqyKzO5HdM=",
        "owner": "sini",
        "repo": "gen-prelude",
        "rev": "7f9475ae42daa70884b9ebde28be496d34ad2023",
        "type": "github"
      },
      "original": {
        "owner": "sini",
        "repo": "gen-prelude",
        "type": "github"
      }
    },
    "gen-prelude_2": {
      "locked": {
        "lastModified": 1782849654,
        "narHash": "sha256-RuSmZU9Sny31YFYfPkagesMDKqGgkQQoNrm4O5Imw2c=",
        "owner": "sini",
        "repo": "gen-prelude",
        "rev": "9e3f4c947c76a11ffec04e020ac7e2a3fe306c47",
        "type": "github"
      },
      "original": {
        "owner": "sini",
        "repo": "gen-prelude",
        "type": "github"
      }
    },
    "gen-prelude_3": {
      "locked": {
        "lastModified": 1782520960,
        "narHash": "sha256-5WfLlS6dk7dzhsnnDYRsHZEaS+lFFj3tohqyKzO5HdM=",
        "owner": "sini",
        "repo": "gen-prelude",
        "rev": "7f9475ae42daa70884b9ebde28be496d34ad2023",
        "type": "github"
      },
      "original": {
        "owner": "sini",
        "repo": "gen-prelude",
        "type": "github"
      }
    },
    "gen-scope": {
      "inputs": {
        "gen-prelude": "gen-prelude_3"
      },
      "locked": {
        "lastModified": 1782847542,
        "narHash": "sha256-Kzm6uC3Jkr64VnnS0RC3JUUnPT1qPRObDE2fIvYhsbw=",
        "owner": "sini",
        "repo": "gen-scope",
        "rev": "102ec0b095ee46c331d6ad935087d337a129cbe0",
        "type": "github"
      },
      "original": {
        "owner": "sini",
        "repo": "gen-scope",
        "type": "github"
      }
    },
    "root": {
      "inputs": {
        "gen-graph": "gen-graph",
        "gen-prelude": "gen-prelude_2",
        "gen-scope": "gen-scope"
      }
    }
  },
  "root": "root",
  "version": 7
}
